github.com/antithesishq/antithesis-sdk-go v0.7.2 h1:oEEedg1Xgi8drRjqB0f9tfjhLoInE0IYZfZ6zAhQUbY=
github.com/antithesishq/antithesis-sdk-go v0.7.2/go.mod h1:FQyySiasQQM8735Ddel3MRojmy4dA1IqCeyJ5jmPMbI=
github.com/google/go-tpm v0.9.8 h1:slArAR9Ft+1ybZu0lBwpSmpwhRXaa85hWtMinMyRAWo=
github.com/google/go-tpm v0.9.8/go.mod h1:h9jEsEECg7gtLis0upRBQU+GhYVH6jMjrFxI8u6bVUY=
github.com/klauspost/compress v1.19.2 h1:hMRETovs/pu/dVWN7zIT1PGG8t509MwT6bO7XSi26R8=
github.com/klauspost/compress v1.19.2/go.mod h1:cwPg85FWrGar70rWktvGQj8/hthj3wpl0PGDogxkrSQ=
github.com/looprig/core v0.5.1 h1:vWq1zHeKhxQ9L2DcAMXunv79HWdES4XfmWJnyl0xNj8=
github.com/looprig/core v0.5.1/go.mod h1:OkgLSRdo22fx8smt2rbw09t3mMA01dHqt07IU+01rFo=
github.com/looprig/credentials v0.1.0 h1:puPS7dvBSJXHvkbTPt6lTMeilRJETYM+jsWjwIorHyw=
github.com/looprig/credentials v0.1.0/go.mod h1:t4P2CIcxZBbui/7rUmynxyUGW6MW7urfaJHUiExa4B0=
github.com/looprig/fsstore v0.3.2 h1:WJ7+ZTH01faSMB98iRyzUIYxpi3QP9Lmw1dJZyxoYbE=
github.com/looprig/fsstore v0.3.2/go.mod h1:UhqNjy8ZGjXqV0vetwwR44uA5bivxaoOlItKYwLv6II=
github.com/looprig/harness v0.25.0 h1:eKgw3BFLqjogEi5SUDDKt83ijs0+8R1mfRqhTsoX/Q0=
github.com/looprig/harness v0.25.0/go.mod h1:UKyxrfIc79i+Yn7okmML4NcggcMpHjvqsYpDjqor8M0=
github.com/looprig/inference v0.10.0 h1:A6NbQfKJb88JLFVdLIwcYAxmVNh1wb+CnzKXsqHOmz8=
github.com/looprig/inference v0.10.0/go.mod h1:zG3ZXQzVTFE3dUkeQUsV0u+9w8TWUZOow0nkZLF20Eo=
github.com/looprig/natsstore v0.3.1 h1:WLo/PZsV0yjcAm7TQHmKolPb0EAcIJtVUjdIGeSj++U=
github.com/looprig/natsstore v0.3.1/go.mod h1:t14aGctW1eEYIb/RtbZwP3Rc+80GnHYU+GFgKIRrZTQ=
github.com/looprig/secrets v0.1.0 h1:YmDlIGNuP3X1Nihjb4N23NIXKRxQzePjx7SBFDED1ps=
github.com/looprig/secrets v0.1.0/go.mod h1:aENJw340bY5iNwOkanyYkp8i8R/X5DSiL6eKXfrbxKU=
github.com/looprig/storage v0.3.1 h1:b42G4Yz/+zRgt3f/P3WL3IhyKq9uAHCptLmf2Vy1bz0=
github.com/looprig/storage v0.3.1/go.mod h1:XFmY3ihCxJIycwLAqn1vMluTAqlbwD3uov2/ocJDyBM=
github.com/minio/highwayhash v1.0.4 h1:asJizugGgchQod2ja9NJlGOWq4s7KsAWr5XUc9Clgl4=
github.com/minio/highwayhash v1.0.4/go.mod h1:GGYsuwP/fPD6Y9hMiXuapVvlIUEhFhMTh0rxU3ik1LQ=
github.com/nats-io/jwt/v2 v2.8.2 h1:XXRgB60MSTnqsRwejQurVDs/hcv2dkt+86GjI+I/bMc=
github.com/nats-io/jwt/v2 v2.8.2/go.mod h1:Ag/56sq9OblL4JgdYufDd16Egb17Kr/8WwwuO/forVc=
github.com/nats-io/nats-server/v2 v2.14.4 h1:efgjZ8cdExAKRuqSg8UPJFprb+l7NlBtSDPhDlw3rO4=
github.com/nats-io/nats-server/v2 v2.14.4/go.mod h1:BltdpOYestjbtQSnVO2zGHdg5SGBZjt+GYTgB9LZq/I=
github.com/nats-io/nats.go v1.52.0 h1:n3avV4VBsCgsdwh71TppsTwtv+QdPs7ntSKM8qJLGsc=
github.com/nats-io/nats.go v1.52.0/go.mod h1:26HypzazeOkyO3/mqd1zZd53STJN0EjCYF9Uy2ZOBno=
github.com/nats-io/nkeys v0.4.16 h1:rd5oAuLOb8mnAycB0xleuEBNS1pVVnN0fv/FF34Eypg=
github.com/nats-io/nkeys v0.4.16/go.mod h1:llLgWoI0o4z/Q57q2R1kHfmocyhGV6VG/U18Glg1Afs=
github.com/nats-io/nuid v1.0.1 h1:5iA8DT8V7q8WK2EScv2padNa/rTESc1KdnPw4TC2paw=
github.com/nats-io/nuid v1.0.1/go.mod h1:19wcPz3Ph3q0Jbyiqsd0kePYG7A95tJPxeL+1OSON2c=
golang.org/x/crypto v0.54.0 h1:YLIA59K4fiNzHzjnZt2tUJQjQtUWfWbeHBqKtk3eScw=
golang.org/x/crypto v0.54.0/go.mod h1:KWL8ny2AZdGR2cWmzeHrp2azQPGogOv+HeQaVEXC2dk=
golang.org/x/sys v0.21.0/go.mod h1:/VUhepiaJMQUp4+oa/7Zr1D23ma6VTLIYjOOTFZPUcA=
golang.org/x/sys v0.47.0 h1:o7XGOvZQCADBQQ4Y7VNq2dRWQR7JmOUW8Kxx4ZsNgWs=
golang.org/x/sys v0.47.0/go.mod h1:4GL1E5IUh+htKOUEOaiffhrAeqysfVGipDYzABqnCmw=
golang.org/x/time v0.15.0 h1:bbrp8t3bGUeFOx08pvsMYRTCVSMk89u4tKbNOZbp88U=
golang.org/x/time v0.15.0/go.mod h1:Y4YMaQmXwGQZoFaVFk4YpCt4FLQMYKZe9oeV/f4MSno=
